// !$*UTF8*$!
{
	archiveVersion = 1;
	classes = {
	};
	objectVersion = 55;
	objects = {

/* Begin PBXBuildFile section */
		6773F033B7534E354750F59F /* WaveformGraphic.swift in Sources */ = {isa = PBXBuildFile; fileRef = 0112D375F8F1F7DB44E4FF6C /* WaveformGraphic.swift */; };
		67A1B3506C22C3B0B8C74856 /* TimeRibbonView.swift in Sources */ = {isa = PBXBuildFile; fileRef = 87CD5E127F24E303E16A8C70 /* TimeRibbonView.swift */; };
		7072C80ED9A90D2B821FECD2 /* ZeroGLineView.swift in Sources */ = {isa = PBXBuildFile; fileRef = 9ECEAC6BE021A714E61BC982 /* ZeroGLineView.swift */; };
		89C474B061DF185C2AECB956 /* WaveFormImageContentView.swift in Sources */ = {isa = PBXBuildFile; fileRef = 19E0554F6917A1D9CD8E406D /* WaveFormImageContentView.swift */; };
		96610CF729E53C7F00011D3F /* WaveFormImage.swift in Sources */ = {isa = PBXBuildFile; fileRef = 96610CF629E53C7F00011D3F /* WaveFormImage.swift */; };
		96610CF929E53CD000011D3F /* WindowSize.swift in Sources */ = {isa = PBXBuildFile; fileRef = 96610CF829E53CD000011D3F /* WindowSize.swift */; };
		96610CFB29E53D4500011D3F /* OpenAudioFile.swift in Sources */ = {isa = PBXBuildFile; fileRef = 96610CFA29E53D4500011D3F /* OpenAudioFile.swift */; };
		9677372A29E43FBA004F0886 /* AudioViewApp.swift in Sources */ = {isa = PBXBuildFile; fileRef = 9677372929E43FBA004F0886 /* AudioViewApp.swift */; };
		9677372E29E43FBB004F0886 /* Assets.xcassets in Resources */ = {isa = PBXBuildFile; fileRef = 9677372D29E43FBB004F0886 /* Assets.xcassets */; };
		9677373129E43FBB004F0886 /* Preview Assets.xcassets in Resources */ = {isa = PBXBuildFile; fileRef = 9677373029E43FBB004F0886 /* Preview Assets.xcassets */; };
		9677373C29E43FBC004F0886 /* AudioViewTests.swift in Sources */ = {isa = PBXBuildFile; fileRef = 9677373B29E43FBC004F0886 /* AudioViewTests.swift */; };
		9677374629E43FBC004F0886 /* AudioViewUITests.swift in Sources */ = {isa = PBXBuildFile; fileRef = 9677374529E43FBC004F0886 /* AudioViewUITests.swift */; };
		9677374829E43FBC004F0886 /* AudioViewUITestsLaunchTests.swift in Sources */ = {isa = PBXBuildFile; fileRef = 9677374729E43FBC004F0886 /* AudioViewUITestsLaunchTests.swift */; };
		D751C7F0834CDB8FFCD149E5 /* WaveformImageView.swift in Sources */ = {isa = PBXBuildFile; fileRef = 696B0478B5968D2285B724A9 /* WaveformImageView.swift */; };
		FE488908EF1CB982D27B5739 /* ColorExtension.swift in Sources */ = {isa = PBXBuildFile; fileRef = 257A36CBAC953A1BDBD58D02 /* ColorExtension.swift */; };
/* End PBXBuildFile section */

/* Begin PBXContainerItemProxy section */
		9677373829E43FBC004F0886 /* PBXContainerItemProxy */ = {
			isa = PBXContainerItemProxy;
			containerPortal = 9677371E29E43FBA004F0886 /* Project object */;
			proxyType = 1;
			remoteGlobalIDString = 9677372529E43FBA004F0886;
			remoteInfo = AudioView;
		};
		9677374229E43FBC004F0886 /* PBXContainerItemProxy */ = {
			isa = PBXContainerItemProxy;
			containerPortal = 9677371E29E43FBA004F0886 /* Project object */;
			proxyType = 1;
			remoteGlobalIDString = 9677372529E43FBA004F0886;
			remoteInfo = AudioView;
		};
/* End PBXContainerItemProxy section */

/* Begin PBXFileReference section */
		0112D375F8F1F7DB44E4FF6C /* WaveformGraphic.swift */ = {isa = PBXFileReference; includeInIndex = 1; lastKnownFileType = sourcecode.swift; path = WaveformGraphic.swift; sourceTree = "<group>"; };
		19E0554F6917A1D9CD8E406D /* WaveFormImageContentView.swift */ = {isa = PBXFileReference; includeInIndex = 1; lastKnownFileType = sourcecode.swift; path = WaveFormImageContentView.swift; sourceTree = "<group>"; };
		257A36CBAC953A1BDBD58D02 /* ColorExtension.swift */ = {isa = PBXFileReference; includeInIndex = 1; lastKnownFileType = sourcecode.swift; path = ColorExtension.swift; sourceTree = "<group>"; };
		696B0478B5968D2285B724A9 /* WaveformImageView.swift */ = {isa = PBXFileReference; includeInIndex = 1; lastKnownFileType = sourcecode.swift; path = WaveformImageView.swift; sourceTree = "<group>"; };
		87CD5E127F24E303E16A8C70 /* TimeRibbonView.swift */ = {isa = PBXFileReference; includeInIndex = 1; lastKnownFileType = sourcecode.swift; path = TimeRibbonView.swift; sourceTree = "<group>"; };
		96610CF629E53C7F00011D3F /* WaveFormImage.swift */ = {isa = PBXFileReference; lastKnownFileType = sourcecode.swift; path = WaveFormImage.swift; sourceTree = "<group>"; };
		96610CF829E53CD000011D3F /* WindowSize.swift */ = {isa = PBXFileReference; lastKnownFileType = sourcecode.swift; path = WindowSize.swift; sourceTree = "<group>"; };
		96610CFA29E53D4500011D3F /* OpenAudioFile.swift */ = {isa = PBXFileReference; lastKnownFileType = sourcecode.swift; path = OpenAudioFile.swift; sourceTree = "<group>"; };
		9677372629E43FBA004F0886 /* AudioView.app */ = {isa = PBXFileReference; explicitFileType = wrapper.application; includeInIndex = 0; path = AudioView.app; sourceTree = BUILT_PRODUCTS_DIR; };
		9677372929E43FBA004F0886 /* AudioViewApp.swift */ = {isa = PBXFileReference; lastKnownFileType = sourcecode.swift; path = AudioViewApp.swift; sourceTree = "<group>"; };
		9677372D29E43FBB004F0886 /* Assets.xcassets */ = {isa = PBXFileReference; lastKnownFileType = folder.assetcatalog; path = Assets.xcassets; sourceTree = "<group>"; };
		9677373029E43FBB004F0886 /* Preview Assets.xcassets */ = {isa = PBXFileReference; lastKnownFileType = folder.assetcatalog; path = "Preview Assets.xcassets"; sourceTree = "<group>"; };
		9677373229E43FBB004F0886 /* AudioView.entitlements */ = {isa = PBXFileReference; lastKnownFileType = text.plist.entitlements; path = AudioView.entitlements; sourceTree = "<group>"; };
		9677373729E43FBC004F0886 /* AudioViewTests.xctest */ = {isa = PBXFileReference; explicitFileType = wrapper.cfbundle; includeInIndex = 0; path = AudioViewTests.xctest; sourceTree = BUILT_PRODUCTS_DIR; };
		9677373B29E43FBC004F0886 /* AudioViewTests.swift */ = {isa = PBXFileReference; lastKnownFileType = sourcecode.swift; path = AudioViewTests.swift; sourceTree = "<group>"; };
		9677374129E43FBC004F0886 /* AudioViewUITests.xctest */ = {isa = PBXFileReference; explicitFileType = wrapper.cfbundle; includeInIndex = 0; path = AudioViewUITests.xctest; sourceTree = BUILT_PRODUCTS_DIR; };
		9677374529E43FBC004F0886 /* AudioViewUITests.swift */ = {isa = PBXFileReference; lastKnownFileType = sourcecode.swift; path = AudioViewUITests.swift; sourceTree = "<group>"; };
		9677374729E43FBC004F0886 /* AudioViewUITestsLaunchTests.swift */ = {isa = PBXFileReference; lastKnownFileType = sourcecode.swift; path = AudioViewUITestsLaunchTests.swift; sourceTree = "<group>"; };
		9ECEAC6BE021A714E61BC982 /* ZeroGLineView.swift */ = {isa = PBXFileReference; includeInIndex = 1; lastKnownFileType = sourcecode.swift; path = ZeroGLineView.swift; sourceTree = "<group>"; };
/* End PBXFileReference section */

/* Begin PBXFrameworksBuildPhase section */
		9677372329E43FBA004F0886 /* Frameworks */ = {
			isa = PBXFrameworksBuildPhase;
			buildActionMask = 2147483647;
			files = (
			);
			runOnlyForDeploymentPostprocessing = 0;
		};
		9677373429E43FBC004F0886 /* Frameworks */ = {
			isa = PBXFrameworksBuildPhase;
			buildActionMask = 2147483647;
			files = (
			);
			runOnlyForDeploymentPostprocessing = 0;
		};
		9677373E29E43FBC004F0886 /* Frameworks */ = {
			isa = PBXFrameworksBuildPhase;
			buildActionMask = 2147483647;
			files = (
			);
			runOnlyForDeploymentPostprocessing = 0;
		};
/* End PBXFrameworksBuildPhase section */

/* Begin PBXGroup section */
		9677371D29E43FBA004F0886 = {
			isa = PBXGroup;
			children = (
				9677372829E43FBA004F0886 /* AudioView */,
				9677373A29E43FBC004F0886 /* AudioViewTests */,
				9677374429E43FBC004F0886 /* AudioViewUITests */,
				9677372729E43FBA004F0886 /* Products */,
			);
			sourceTree = "<group>";
		};
		9677372729E43FBA004F0886 /* Products */ = {
			isa = PBXGroup;
			children = (
				9677372629E43FBA004F0886 /* AudioView.app */,
				9677373729E43FBC004F0886 /* AudioViewTests.xctest */,
				9677374129E43FBC004F0886 /* AudioViewUITests.xctest */,
			);
			name = Products;
			sourceTree = "<group>";
		};
		9677372829E43FBA004F0886 /* AudioView */ = {
			isa = PBXGroup;
			children = (
				9677372D29E43FBB004F0886 /* Assets.xcassets */,
				9677373229E43FBB004F0886 /* AudioView.entitlements */,
				9677372929E43FBA004F0886 /* AudioViewApp.swift */,
				257A36CBAC953A1BDBD58D02 /* ColorExtension.swift */,
				96610CFA29E53D4500011D3F /* OpenAudioFile.swift */,
				9677372F29E43FBB004F0886 /* Preview Content */,
				87CD5E127F24E303E16A8C70 /* TimeRibbonView.swift */,
				0112D375F8F1F7DB44E4FF6C /* WaveformGraphic.swift */,
				96610CF629E53C7F00011D3F /* WaveFormImage.swift */,
				19E0554F6917A1D9CD8E406D /* WaveFormImageContentView.swift */,
				696B0478B5968D2285B724A9 /* WaveformImageView.swift */,
				96610CF829E53CD000011D3F /* WindowSize.swift */,
				9ECEAC6BE021A714E61BC982 /* ZeroGLineView.swift */,
			);
			path = AudioView;
			sourceTree = "<group>";
		};
		9677372F29E43FBB004F0886 /* Preview Content */ = {
			isa = PBXGroup;
			children = (
				9677373029E43FBB004F0886 /* Preview Assets.xcassets */,
			);
			path = "Preview Content";
			sourceTree = "<group>";
		};
		9677373A29E43FBC004F0886 /* AudioViewTests */ = {
			isa = PBXGroup;
			children = (
				9677373B29E43FBC004F0886 /* AudioViewTests.swift */,
			);
			path = AudioViewTests;
			sourceTree = "<group>";
		};
		9677374429E43FBC004F0886 /* AudioViewUITests */ = {
			isa = PBXGroup;
			children = (
				9677374529E43FBC004F0886 /* AudioViewUITests.swift */,
				9677374729E43FBC004F0886 /* AudioViewUITestsLaunchTests.swift */,
			);
			path = AudioViewUITests;
			sourceTree = "<group>";
		};
/* End PBXGroup section */

/* Begin PBXNativeTarget section */
		9677372529E43FBA004F0886 /* AudioView */ = {
			isa = PBXNativeTarget;
			buildConfigurationList = 9677374B29E43FBC004F0886 /* Build configuration list for PBXNativeTarget "AudioView" */;
			buildPhases = (
				9677372229E43FBA004F0886 /* Sources */,
				9677372329E43FBA004F0886 /* Frameworks */,
				9677372429E43FBA004F0886 /* Resources */,
			);
			buildRules = (
			);
			dependencies = (
			);
			name = AudioView;
			productName = AudioView;
			productReference = 9677372629E43FBA004F0886 /* AudioView.app */;
			productType = "com.apple.product-type.application";
		};
		9677373629E43FBC004F0886 /* AudioViewTests */ = {
			isa = PBXNativeTarget;
			buildConfigurationList = 9677374E29E43FBC004F0886 /* Build configuration list for PBXNativeTarget "AudioViewTests" */;
			buildPhases = (
				9677373329E43FBC004F0886 /* Sources */,
				9677373429E43FBC004F0886 /* Frameworks */,
				9677373529E43FBC004F0886 /* Resources */,
			);
			buildRules = (
			);
			dependencies = (
				9677373929E43FBC004F0886 /* PBXTargetDependency */,
			);
			name = AudioViewTests;
			productName = AudioViewTests;
			productReference = 9677373729E43FBC004F0886 /* AudioViewTests.xctest */;
			productType = "com.apple.product-type.bundle.unit-test";
		};
		9677374029E43FBC004F0886 /* AudioViewUITests */ = {
			isa = PBXNativeTarget;
			buildConfigurationList = 9677375129E43FBC004F0886 /* Build configuration list for PBXNativeTarget "AudioViewUITests" */;
			buildPhases = (
				9677373D29E43FBC004F0886 /* Sources */,
				9677373E29E43FBC004F0886 /* Frameworks */,
				9677373F29E43FBC004F0886 /* Resources */,
			);
			buildRules = (
			);
			dependencies = (
				9677374329E43FBC004F0886 /* PBXTargetDependency */,
			);
			name = AudioViewUITests;
			productName = AudioViewUITests;
			productReference = 9677374129E43FBC004F0886 /* AudioViewUITests.xctest */;
			productType = "com.apple.product-type.bundle.ui-testing";
		};
/* End PBXNativeTarget section */

/* Begin PBXProject section */
		9677371E29E43FBA004F0886 /* Project object */ = {
			isa = PBXProject;
			attributes = {
				BuildIndependentTargetsInParallel = 1;
				LastSwiftUpdateCheck = 1320;
				LastUpgradeCheck = 1320;
				TargetAttributes = {
					9677372529E43FBA004F0886 = {
						CreatedOnToolsVersion = 13.2.1;
					};
					9677373629E43FBC004F0886 = {
						CreatedOnToolsVersion = 13.2.1;
						TestTargetID = 9677372529E43FBA004F0886;
					};
					9677374029E43FBC004F0886 = {
						CreatedOnToolsVersion = 13.2.1;
						TestTargetID = 9677372529E43FBA004F0886;
					};
				};
			};
			buildConfigurationList = 9677372129E43FBA004F0886 /* Build configuration list for PBXProject "AudioView" */;
			compatibilityVersion = "Xcode 13.0";
			developmentRegion = en;
			hasScannedForEncodings = 0;
			knownRegions = (
				en,
				Base,
			);
			mainGroup = 9677371D29E43FBA004F0886;
			productRefGroup = 9677372729E43FBA004F0886 /* Products */;
			projectDirPath = "";
			projectRoot = "";
			targets = (
				9677372529E43FBA004F0886 /* AudioView */,
				9677373629E43FBC004F0886 /* AudioViewTests */,
				9677374029E43FBC004F0886 /* AudioViewUITests */,
			);
		};
/* End PBXProject section */

/* Begin PBXResourcesBuildPhase section */
		9677372429E43FBA004F0886 /* Resources */ = {
			isa = PBXResourcesBuildPhase;
			buildActionMask = 2147483647;
			files = (
				9677373129E43FBB004F0886 /* Preview Assets.xcassets in Resources */,
				9677372E29E43FBB004F0886 /* Assets.xcassets in Resources */,
			);
			runOnlyForDeploymentPostprocessing = 0;
		};
		9677373529E43FBC004F0886 /* Resources */ = {
			isa = PBXResourcesBuildPhase;
			buildActionMask = 2147483647;
			files = (
			);
			runOnlyForDeploymentPostprocessing = 0;
		};
		9677373F29E43FBC004F0886 /* Resources */ = {
			isa = PBXResourcesBuildPhase;
			buildActionMask = 2147483647;
			files = (
			);
			runOnlyForDeploymentPostprocessing = 0;
		};
/* End PBXResourcesBuildPhase section */

/* Begin PBXSourcesBuildPhase section */
		9677372229E43FBA004F0886 /* Sources */ = {
			isa = PBXSourcesBuildPhase;
			buildActionMask = 2147483647;
			files = (
				96610CF729E53C7F00011D3F /* WaveFormImage.swift in Sources */,
				96610CFB29E53D4500011D3F /* OpenAudioFile.swift in Sources */,
				96610CF929E53CD000011D3F /* WindowSize.swift in Sources */,
				9677372A29E43FBA004F0886 /* AudioViewApp.swift in Sources */,
				7072C80ED9A90D2B821FECD2 /* ZeroGLineView.swift in Sources */,
				67A1B3506C22C3B0B8C74856 /* TimeRibbonView.swift in Sources */,
				D751C7F0834CDB8FFCD149E5 /* WaveformImageView.swift in Sources */,
				6773F033B7534E354750F59F /* WaveformGraphic.swift in Sources */,
				89C474B061DF185C2AECB956 /* WaveFormImageContentView.swift in Sources */,
				FE488908EF1CB982D27B5739 /* ColorExtension.swift in Sources */,
			);
			runOnlyForDeploymentPostprocessing = 0;
		};
		9677373329E43FBC004F0886 /* Sources */ = {
			isa = PBXSourcesBuildPhase;
			buildActionMask = 2147483647;
			files = (
				9677373C29E43FBC004F0886 /* AudioViewTests.swift in Sources */,
			);
			runOnlyForDeploymentPostprocessing = 0;
		};
		9677373D29E43FBC004F0886 /* Sources */ = {
			isa = PBXSourcesBuildPhase;
			buildActionMask = 2147483647;
			files = (
				9677374829E43FBC004F0886 /* AudioViewUITestsLaunchTests.swift in Sources */,
				9677374629E43FBC004F0886 /* AudioViewUITests.swift in Sources */,
			);
			runOnlyForDeploymentPostprocessing = 0;
		};
/* End PBXSourcesBuildPhase section */

/* Begin PBXTargetDependency section */
		9677373929E43FBC004F0886 /* PBXTargetDependency */ = {
			isa = PBXTargetDependency;
			target = 9677372529E43FBA004F0886 /* AudioView */;
			targetProxy = 9677373829E43FBC004F0886 /* PBXContainerItemProxy */;
		};
		9677374329E43FBC004F0886 /* PBXTargetDependency */ = {
			isa = PBXTargetDependency;
			target = 9677372529E43FBA004F0886 /* AudioView */;
			targetProxy = 9677374229E43FBC004F0886 /* PBXContainerItemProxy */;
		};
/* End PBXTargetDependency section */

/* Begin XCBuildConfiguration section */
		9677374929E43FBC004F0886 /* Debug */ = {
			isa = XCBuildConfiguration;
			buildSettings = {
				ALWAYS_SEARCH_USER_PATHS = NO;
				CLANG_ANALYZER_NONNULL = YES;
				CLANG_ANALYZER_NUMBER_OBJECT_CONVERSION = YES_AGGRESSIVE;
				CLANG_CXX_LANGUAGE_STANDARD = "gnu++17";
				CLANG_CXX_LIBRARY = "libc++";
				CLANG_ENABLE_MODULES = YES;
				CLANG_ENABLE_OBJC_ARC = YES;
				CLANG_ENABLE_OBJC_WEAK = YES;
				CLANG_WARN_BLOCK_CAPTURE_AUTORELEASING = YES;
				CLANG_WARN_BOOL_CONVERSION = YES;
				CLANG_WARN_COMMA = YES;
				CLANG_WARN_CONSTANT_CONVERSION = YES;
				CLANG_WARN_DEPRECATED_OBJC_IMPLEMENTATIONS = YES;
				CLANG_WARN_DIRECT_OBJC_ISA_USAGE = YES_ERROR;
				CLANG_WARN_DOCUMENTATION_COMMENTS = YES;
				CLANG_WARN_EMPTY_BODY = YES;
				CLANG_WARN_ENUM_CONVERSION = YES;
				CLANG_WARN_INFINITE_RECURSION = YES;
				CLANG_WARN_INT_CONVERSION = YES;
				CLANG_WARN_NON_LITERAL_NULL_CONVERSION = YES;
				CLANG_WARN_OBJC_IMPLICIT_RETAIN_SELF = YES;
				CLANG_WARN_OBJC_LITERAL_CONVERSION = YES;
				CLANG_WARN_OBJC_ROOT_CLASS = YES_ERROR;
				CLANG_WARN_QUOTED_INCLUDE_IN_FRAMEWORK_HEADER = YES;
				CLANG_WARN_RANGE_LOOP_ANALYSIS = YES;
				CLANG_WARN_STRICT_PROTOTYPES = YES;
				CLANG_WARN_SUSPICIOUS_MOVE = YES;
				CLANG_WARN_UNGUARDED_AVAILABILITY = YES_AGGRESSIVE;
				CLANG_WARN_UNREACHABLE_CODE = YES;
				CLANG_WARN__DUPLICATE_METHOD_MATCH = YES;
				COPY_PHASE_STRIP = NO;
				DEBUG_INFORMATION_FORMAT = dwarf;
				ENABLE_STRICT_OBJC_MSGSEND = YES;
				ENABLE_TESTABILITY = YES;
				GCC_C_LANGUAGE_STANDARD = gnu11;
				GCC_DYNAMIC_NO_PIC = NO;
				GCC_NO_COMMON_BLOCKS = YES;
				GCC_OPTIMIZATION_LEVEL = 0;
				GCC_PREPROCESSOR_DEFINITIONS = (
					"DEBUG=1",
					"$(inherited)",
				);
				GCC_WARN_64_TO_32_BIT_CONVERSION = YES;
				GCC_WARN_ABOUT_RETURN_TYPE = YES_ERROR;
				GCC_WARN_UNDECLARED_SELECTOR = YES;
				GCC_WARN_UNINITIALIZED_AUTOS = YES_AGGRESSIVE;
				GCC_WARN_UNUSED_FUNCTION = YES;
				GCC_WARN_UNUSED_VARIABLE = YES;
				MACOSX_DEPLOYMENT_TARGET = 12.2;
				MTL_ENABLE_DEBUG_INFO = INCLUDE_SOURCE;
				MTL_FAST_MATH = YES;
				ONLY_ACTIVE_ARCH = YES;
				SDKROOT = macosx;
				SWIFT_ACTIVE_COMPILATION_CONDITIONS = DEBUG;
				SWIFT_OPTIMIZATION_LEVEL = "-Onone";
			};
			name = Debug;
		};
		9677374A29E43FBC004F0886 /* Release */ = {
			isa = XCBuildConfiguration;
			buildSettings = {
				ALWAYS_SEARCH_USER_PATHS = NO;
				CLANG_ANALYZER_NONNULL = YES;
				CLANG_ANALYZER_NUMBER_OBJECT_CONVERSION = YES_AGGRESSIVE;
				CLANG_CXX_LANGUAGE_STANDARD = "gnu++17";
				CLANG_CXX_LIBRARY = "libc++";
				CLANG_ENABLE_MODULES = YES;
				CLANG_ENABLE_OBJC_ARC = YES;
				CLANG_ENABLE_OBJC_WEAK = YES;
				CLANG_WARN_BLOCK_CAPTURE_AUTORELEASING = YES;
				CLANG_WARN_BOOL_CONVERSION = YES;
				CLANG_WARN_COMMA = YES;
				CLANG_WARN_CONSTANT_CONVERSION = YES;
				CLANG_WARN_DEPRECATED_OBJC_IMPLEMENTATIONS = YES;
				CLANG_WARN_DIRECT_OBJC_ISA_USAGE = YES_ERROR;
				CLANG_WARN_DOCUMENTATION_COMMENTS = YES;
				CLANG_WARN_EMPTY_BODY = YES;
				CLANG_WARN_ENUM_CONVERSION = YES;
				CLANG_WARN_INFINITE_RECURSION = YES;
				CLANG_WARN_INT_CONVERSION = YES;
				CLANG_WARN_NON_LITERAL_NULL_CONVERSION = YES;
				CLANG_WARN_OBJC_IMPLICIT_RETAIN_SELF = YES;
				CLANG_WARN_OBJC_LITERAL_CONVERSION = YES;
				CLANG_WARN_OBJC_ROOT_CLASS = YES_ERROR;
				CLANG_WARN_QUOTED_INCLUDE_IN_FRAMEWORK_HEADER = YES;
				CLANG_WARN_RANGE_LOOP_ANALYSIS = YES;
				CLANG_WARN_STRICT_PROTOTYPES = YES;
				CLANG_WARN_SUSPICIOUS_MOVE = YES;
				CLANG_WARN_UNGUARDED_AVAILABILITY = YES_AGGRESSIVE;
				CLANG_WARN_UNREACHABLE_CODE = YES;
				CLANG_WARN__DUPLICATE_METHOD_MATCH = YES;
				COPY_PHASE_STRIP = NO;
				DEBUG_INFORMATION_FORMAT = "dwarf-with-dsym";
				ENABLE_NS_ASSERTIONS = NO;
				ENABLE_STRICT_OBJC_MSGSEND = YES;
				GCC_C_LANGUAGE_STANDARD = gnu11;
				GCC_NO_COMMON_BLOCKS = YES;
				GCC_WARN_64_TO_32_BIT_CONVERSION = YES;
				GCC_WARN_ABOUT_RETURN_TYPE = YES_ERROR;
				GCC_WARN_UNDECLARED_SELECTOR = YES;
				GCC_WARN_UNINITIALIZED_AUTOS = YES_AGGRESSIVE;
				GCC_WARN_UNUSED_FUNCTION = YES;
				GCC_WARN_UNUSED_VARIABLE = YES;
				MACOSX_DEPLOYMENT_TARGET = 12.2;
				MTL_ENABLE_DEBUG_INFO = NO;
				MTL_FAST_MATH = YES;
				SDKROOT = macosx;
				SWIFT_COMPILATION_MODE = wholemodule;
				SWIFT_OPTIMIZATION_LEVEL = "-O";
			};
			name = Release;
		};
		9677374C29E43FBC004F0886 /* Debug */ = {
			isa = XCBuildConfiguration;
			buildSettings = {
				ASSETCATALOG_COMPILER_APPICON_NAME = AppIcon;
				ASSETCATALOG_COMPILER_GLOBAL_ACCENT_COLOR_NAME = AccentColor;
				CODE_SIGN_ENTITLEMENTS = AudioView/AudioView.entitlements;
				CODE_SIGN_STYLE = Manual;
				COMBINE_HIDPI_IMAGES = YES;
				CURRENT_PROJECT_VERSION = 1;
				DEVELOPMENT_ASSET_PATHS = "\"AudioView/Preview Content\"";
				DEVELOPMENT_TEAM = "";
				ENABLE_HARDENED_RUNTIME = YES;
				ENABLE_PREVIEWS = YES;
				GENERATE_INFOPLIST_FILE = YES;
				INFOPLIST_KEY_NSHumanReadableCopyright = "";
				LD_RUNPATH_SEARCH_PATHS = (
					"$(inherited)",
					"@executable_path/../Frameworks",
				);
				MARKETING_VERSION = 1.0;
				PRODUCT_BUNDLE_IDENTIFIER = info.ocodo.AudioView;
				PRODUCT_NAME = "$(TARGET_NAME)";
				PROVISIONING_PROFILE_SPECIFIER = "";
				SWIFT_EMIT_LOC_STRINGS = YES;
				SWIFT_VERSION = 5.0;
			};
			name = Debug;
		};
		9677374D29E43FBC004F0886 /* Release */ = {
			isa = XCBuildConfiguration;
			buildSettings = {
				ASSETCATALOG_COMPILER_APPICON_NAME = AppIcon;
				ASSETCATALOG_COMPILER_GLOBAL_ACCENT_COLOR_NAME = AccentColor;
				CODE_SIGN_ENTITLEMENTS = AudioView/AudioView.entitlements;
				CODE_SIGN_STYLE = Automatic;
				COMBINE_HIDPI_IMAGES = YES;
				CURRENT_PROJECT_VERSION = 1;
				DEVELOPMENT_ASSET_PATHS = "\"AudioView/Preview Content\"";
				DEVELOPMENT_TEAM = "";
				ENABLE_HARDENED_RUNTIME = YES;
				ENABLE_PREVIEWS = YES;
				GENERATE_INFOPLIST_FILE = YES;
				INFOPLIST_KEY_NSHumanReadableCopyright = "";
				LD_RUNPATH_SEARCH_PATHS = (
					"$(inherited)",
					"@executable_path/../Frameworks",
				);
				MARKETING_VERSION = 1.0;
				PRODUCT_BUNDLE_IDENTIFIER = info.ocodo.AudioView;
				PRODUCT_NAME = "$(TARGET_NAME)";
				SWIFT_EMIT_LOC_STRINGS = YES;
				SWIFT_VERSION = 5.0;
			};
			name = Release;
		};
		9677374F29E43FBC004F0886 /* Debug */ = {
			isa = XCBuildConfiguration;
			buildSettings = {
				ALWAYS_EMBED_SWIFT_STANDARD_LIBRARIES = YES;
				BUNDLE_LOADER = "$(TEST_HOST)";
				CODE_SIGN_IDENTITY = "-";
				CODE_SIGN_STYLE = Manual;
				CURRENT_PROJECT_VERSION = 1;
				DEVELOPMENT_TEAM = "";
				GENERATE_INFOPLIST_FILE = YES;
				MACOSX_DEPLOYMENT_TARGET = 11.7;
				MARKETING_VERSION = 1.0;
				PRODUCT_BUNDLE_IDENTIFIER = info.ocodo.AudioViewTests;
				PRODUCT_NAME = "$(TARGET_NAME)";
				PROVISIONING_PROFILE_SPECIFIER = "";
				SWIFT_EMIT_LOC_STRINGS = NO;
				SWIFT_VERSION = 5.0;
				TEST_HOST = "$(BUILT_PRODUCTS_DIR)/AudioView.app/Contents/MacOS/AudioView";
			};
			name = Debug;
		};
		9677375029E43FBC004F0886 /* Release */ = {
			isa = XCBuildConfiguration;
			buildSettings = {
				ALWAYS_EMBED_SWIFT_STANDARD_LIBRARIES = YES;
				BUNDLE_LOADER = "$(TEST_HOST)";
				CODE_SIGN_IDENTITY = "-";
				CODE_SIGN_STYLE = Manual;
				CURRENT_PROJECT_VERSION = 1;
				DEVELOPMENT_TEAM = "";
				GENERATE_INFOPLIST_FILE = YES;
				MACOSX_DEPLOYMENT_TARGET = 11.7;
				MARKETING_VERSION = 1.0;
				PRODUCT_BUNDLE_IDENTIFIER = info.ocodo.AudioViewTests;
				PRODUCT_NAME = "$(TARGET_NAME)";
				PROVISIONING_PROFILE_SPECIFIER = "";
				SWIFT_EMIT_LOC_STRINGS = NO;
				SWIFT_VERSION = 5.0;
				TEST_HOST = "$(BUILT_PRODUCTS_DIR)/AudioView.app/Contents/MacOS/AudioView";
			};
			name = Release;
		};
		9677375229E43FBC004F0886 /* Debug */ = {
			isa = XCBuildConfiguration;
			buildSettings = {
				ALWAYS_EMBED_SWIFT_STANDARD_LIBRARIES = YES;
				CODE_SIGN_IDENTITY = "-";
				CODE_SIGN_STYLE = Manual;
				CURRENT_PROJECT_VERSION = 1;
				DEVELOPMENT_TEAM = "";
				GENERATE_INFOPLIST_FILE = YES;
				MARKETING_VERSION = 1.0;
				PRODUCT_BUNDLE_IDENTIFIER = info.ocodo.AudioViewUITests;
				PRODUCT_NAME = "$(TARGET_NAME)";
				PROVISIONING_PROFILE_SPECIFIER = "";
				SWIFT_EMIT_LOC_STRINGS = NO;
				SWIFT_VERSION = 5.0;
				TEST_TARGET_NAME = AudioView;
			};
			name = Debug;
		};
		9677375329E43FBC004F0886 /* Release */ = {
			isa = XCBuildConfiguration;
			buildSettings = {
				ALWAYS_EMBED_SWIFT_STANDARD_LIBRARIES = YES;
				CODE_SIGN_IDENTITY = "-";
				CODE_SIGN_STYLE = Manual;
				CURRENT_PROJECT_VERSION = 1;
				DEVELOPMENT_TEAM = "";
				GENERATE_INFOPLIST_FILE = YES;
				MARKETING_VERSION = 1.0;
				PRODUCT_BUNDLE_IDENTIFIER = info.ocodo.AudioViewUITests;
				PRODUCT_NAME = "$(TARGET_NAME)";
				PROVISIONING_PROFILE_SPECIFIER = "";
				SWIFT_EMIT_LOC_STRINGS = NO;
				SWIFT_VERSION = 5.0;
				TEST_TARGET_NAME = AudioView;
			};
			name = Release;
		};
/* End XCBuildConfiguration section */

/* Begin XCConfigurationList section */
		9677372129E43FBA004F0886 /* Build configuration list for PBXProject "AudioView" */ = {
			isa = XCConfigurationList;
			buildConfigurations = (
				9677374929E43FBC004F0886 /* Debug */,
				9677374A29E43FBC004F0886 /* Release */,
			);
			defaultConfigurationIsVisible = 0;
			defaultConfigurationName = Release;
		};
		9677374B29E43FBC004F0886 /* Build configuration list for PBXNativeTarget "AudioView" */ = {
			isa = XCConfigurationList;
			buildConfigurations = (
				9677374C29E43FBC004F0886 /* Debug */,
				9677374D29E43FBC004F0886 /* Release */,
			);
			defaultConfigurationIsVisible = 0;
			defaultConfigurationName = Release;
		};
		9677374E29E43FBC004F0886 /* Build configuration list for PBXNativeTarget "AudioViewTests" */ = {
			isa = XCConfigurationList;
			buildConfigurations = (
				9677374F29E43FBC004F0886 /* Debug */,
				9677375029E43FBC004F0886 /* Release */,
			);
			defaultConfigurationIsVisible = 0;
			defaultConfigurationName = Release;
		};
		9677375129E43FBC004F0886 /* Build configuration list for PBXNativeTarget "AudioViewUITests" */ = {
			isa = XCConfigurationList;
			buildConfigurations = (
				9677375229E43FBC004F0886 /* Debug */,
				9677375329E43FBC004F0886 /* Release */,
			);
			defaultConfigurationIsVisible = 0;
			defaultConfigurationName = Release;
		};
/* End XCConfigurationList section */
	};
	rootObject = 9677371E29E43FBA004F0886 /* Project object */;
}
